
Microsoft Visual Studio Solution File, Format Version 12.00
Project("{FAE04EC0-301F-11D3-BF4B-00C04F79EFBC}") = "Interfaces2", "Interfaces2\Interfaces2.csproj", "{EFED0FB1-415E-4868-B889-495CE77BBDF6}"
EndProject
Global
	GlobalSection(SolutionConfigurationPlatforms) = preSolution
		Debug|Any CPU = Debug|Any CPU
		Release|Any CPU = Release|Any CPU
	EndGlobalSection
	GlobalSection(ProjectConfigurationPlatforms) = postSolution
		{EFED0FB1-415E-4868-B889-495CE77BBDF6}.Debug|Any CPU.ActiveCfg = Debug|Any CPU
		{EFED0FB1-415E-4868-B889-495CE77BBDF6}.Debug|Any CPU.Build.0 = Debug|Any CPU
		{EFED0FB1-415E-4868-B889-495CE77BBDF6}.Release|Any CPU.ActiveCfg = Release|Any CPU
		{EFED0FB1-415E-4868-B889-495CE77BBDF6}.Release|Any CPU.Build.0 = Release|Any CPU
	EndGlobalSection
EndGlobal
